{
	"name": "@yushijinhun/three-minifier",
	"lockfileVersion": 3,
	"requires": true,
	"packages": {
		"": {
			"name": "@yushijinhun/three-minifier",
			"license": "MIT",
			"workspaces": [
				"packages/common",
				"packages/rollup",
				"packages/webpack"
			]
		},
		"node_modules/@jridgewell/gen-mapping": {
			"version": "0.3.5",
			"license": "MIT",
			"dependencies": {
				"@jridgewell/set-array": "^1.2.1",
				"@jridgewell/sourcemap-codec": "^1.4.10",
				"@jridgewell/trace-mapping": "^0.3.24"
			},
			"engines": {
				"node": ">=6.0.0"
			}
		},
		"node_modules/@jridgewell/resolve-uri": {
			"version": "3.1.2",
			"license": "MIT",
			"engines": {
				"node": ">=6.0.0"
			}
		},
		"node_modules/@jridgewell/set-array": {
			"version": "1.2.1",
			"license": "MIT",
			"engines": {
				"node": ">=6.0.0"
			}
		},
		"node_modules/@jridgewell/source-map": {
			"version": "0.3.6",
			"license": "MIT",
			"dependencies": {
				"@jridgewell/gen-mapping": "^0.3.5",
				"@jridgewell/trace-mapping": "^0.3.25"
			}
		},
		"node_modules/@jridgewell/sourcemap-codec": {
			"version": "1.5.0",
			"license": "MIT"
		},
		"node_modules/@jridgewell/trace-mapping": {
			"version": "0.3.25",
			"license": "MIT",
			"dependencies": {
				"@jridgewell/resolve-uri": "^3.1.0",
				"@jridgewell/sourcemap-codec": "^1.4.14"
			}
		},
		"node_modules/@types/eslint": {
			"version": "8.56.10",
			"license": "MIT",
			"dependencies": {
				"@types/estree": "*",
				"@types/json-schema": "*"
			}
		},
		"node_modules/@types/eslint-scope": {
			"version": "3.7.7",
			"license": "MIT",
			"dependencies": {
				"@types/eslint": "*",
				"@types/estree": "*"
			}
		},
		"node_modules/@types/estree": {
			"version": "1.0.5",
			"license": "MIT"
		},
		"node_modules/@types/json-schema": {
			"version": "7.0.15",
			"license": "MIT"
		},
		"node_modules/@types/node": {
			"version": "20.14.10",
			"license": "MIT",
			"dependencies": {
				"undici-types": "~5.26.4"
			}
		},
		"node_modules/@webassemblyjs/ast": {
			"version": "1.12.1",
			"license": "MIT",
			"dependencies": {
				"@webassemblyjs/helper-numbers": "1.11.6",
				"@webassemblyjs/helper-wasm-bytecode": "1.11.6"
			}
		},
		"node_modules/@webassemblyjs/floating-point-hex-parser": {
			"version": "1.11.6",
			"license": "MIT"
		},
		"node_modules/@webassemblyjs/helper-api-error": {
			"version": "1.11.6",
			"license": "MIT"
		},
		"node_modules/@webassemblyjs/helper-buffer": {
			"version": "1.12.1",
			"license": "MIT"
		},
		"node_modules/@webassemblyjs/helper-numbers": {
			"version": "1.11.6",
			"license": "MIT",
			"dependencies": {
				"@webassemblyjs/floating-point-hex-parser": "1.11.6",
				"@webassemblyjs/helper-api-error": "1.11.6",
				"@xtuc/long": "4.2.2"
			}
		},
		"node_modules/@webassemblyjs/helper-wasm-bytecode": {
			"version": "1.11.6",
			"license": "MIT"
		},
		"node_modules/@webassemblyjs/helper-wasm-section": {
			"version": "1.12.1",
			"license": "MIT",
			"dependencies": {
				"@webassemblyjs/ast": "1.12.1",
				"@webassemblyjs/helper-buffer": "1.12.1",
				"@webassemblyjs/helper-wasm-bytecode": "1.11.6",
				"@webassemblyjs/wasm-gen": "1.12.1"
			}
		},
		"node_modules/@webassemblyjs/ieee754": {
			"version": "1.11.6",
			"license": "MIT",
			"dependencies": {
				"@xtuc/ieee754": "^1.2.0"
			}
		},
		"node_modules/@webassemblyjs/leb128": {
			"version": "1.11.6",
			"license": "Apache-2.0",
			"dependencies": {
				"@xtuc/long": "4.2.2"
			}
		},
		"node_modules/@webassemblyjs/utf8": {
			"version": "1.11.6",
			"license": "MIT"
		},
		"node_modules/@webassemblyjs/wasm-edit": {
			"version": "1.12.1",
			"license": "MIT",
			"dependencies": {
				"@webassemblyjs/ast": "1.12.1",
				"@webassemblyjs/helper-buffer": "1.12.1",
				"@webassemblyjs/helper-wasm-bytecode": "1.11.6",
				"@webassemblyjs/helper-wasm-section": "1.12.1",
				"@webassemblyjs/wasm-gen": "1.12.1",
				"@webassemblyjs/wasm-opt": "1.12.1",
				"@webassemblyjs/wasm-parser": "1.12.1",
				"@webassemblyjs/wast-printer": "1.12.1"
			}
		},
		"node_modules/@webassemblyjs/wasm-gen": {
			"version": "1.12.1",
			"license": "MIT",
			"dependencies": {
				"@webassemblyjs/ast": "1.12.1",
				"@webassemblyjs/helper-wasm-bytecode": "1.11.6",
				"@webassemblyjs/ieee754": "1.11.6",
				"@webassemblyjs/leb128": "1.11.6",
				"@webassemblyjs/utf8": "1.11.6"
			}
		},
		"node_modules/@webassemblyjs/wasm-opt": {
			"version": "1.12.1",
			"license": "MIT",
			"dependencies": {
				"@webassemblyjs/ast": "1.12.1",
				"@webassemblyjs/helper-buffer": "1.12.1",
				"@webassemblyjs/wasm-gen": "1.12.1",
				"@webassemblyjs/wasm-parser": "1.12.1"
			}
		},
		"node_modules/@webassemblyjs/wasm-parser": {
			"version": "1.12.1",
			"license": "MIT",
			"dependencies": {
				"@webassemblyjs/ast": "1.12.1",
				"@webassemblyjs/helper-api-error": "1.11.6",
				"@webassemblyjs/helper-wasm-bytecode": "1.11.6",
				"@webassemblyjs/ieee754": "1.11.6",
				"@webassemblyjs/leb128": "1.11.6",
				"@webassemblyjs/utf8": "1.11.6"
			}
		},
		"node_modules/@webassemblyjs/wast-printer": {
			"version": "1.12.1",
			"license": "MIT",
			"dependencies": {
				"@webassemblyjs/ast": "1.12.1",
				"@xtuc/long": "4.2.2"
			}
		},
		"node_modules/@xtuc/ieee754": {
			"version": "1.2.0",
			"license": "BSD-3-Clause"
		},
		"node_modules/@xtuc/long": {
			"version": "4.2.2",
			"license": "Apache-2.0"
		},
		"node_modules/@yushijinhun/three-minifier-common": {
			"resolved": "packages/common",
			"link": true
		},
		"node_modules/@yushijinhun/three-minifier-rollup": {
			"resolved": "packages/rollup",
			"link": true
		},
		"node_modules/@yushijinhun/three-minifier-webpack": {
			"resolved": "packages/webpack",
			"link": true
		},
		"node_modules/acorn": {
			"version": "8.12.1",
			"license": "MIT",
			"bin": {
				"acorn": "bin/acorn"
			},
			"engines": {
				"node": ">=0.4.0"
			}
		},
		"node_modules/acorn-import-attributes": {
			"version": "1.9.5",
			"license": "MIT",
			"peerDependencies": {
				"acorn": "^8"
			}
		},
		"node_modules/acorn-walk": {
			"version": "8.3.3",
			"license": "MIT",
			"dependencies": {
				"acorn": "^8.11.0"
			},
			"engines": {
				"node": ">=0.4.0"
			}
		},
		"node_modules/ajv": {
			"version": "6.12.6",
			"license": "MIT",
			"dependencies": {
				"fast-deep-equal": "^3.1.1",
				"fast-json-stable-stringify": "^2.0.0",
				"json-schema-traverse": "^0.4.1",
				"uri-js": "^4.2.2"
			},
			"funding": {
				"type": "github",
				"url": "https://github.com/sponsors/epoberezkin"
			}
		},
		"node_modules/ajv-keywords": {
			"version": "3.5.2",
			"license": "MIT",
			"peerDependencies": {
				"ajv": "^6.9.1"
			}
		},
		"node_modules/browserslist": {
			"version": "4.23.2",
			"funding": [
				{
					"type": "opencollective",
					"url": "https://opencollective.com/browserslist"
				},
				{
					"type": "tidelift",
					"url": "https://tidelift.com/funding/github/npm/browserslist"
				},
				{
					"type": "github",
					"url": "https://github.com/sponsors/ai"
				}
			],
			"license": "MIT",
			"dependencies": {
				"caniuse-lite": "^1.0.30001640",
				"electron-to-chromium": "^1.4.820",
				"node-releases": "^2.0.14",
				"update-browserslist-db": "^1.1.0"
			},
			"bin": {
				"browserslist": "cli.js"
			},
			"engines": {
				"node": "^6 || ^7 || ^8 || ^9 || ^10 || ^11 || ^12 || >=13.7"
			}
		},
		"node_modules/buffer-from": {
			"version": "1.1.2",
			"license": "MIT"
		},
		"node_modules/caniuse-lite": {
			"version": "1.0.30001642",
			"funding": [
				{
					"type": "opencollective",
					"url": "https://opencollective.com/browserslist"
				},
				{
					"type": "tidelift",
					"url": "https://tidelift.com/funding/github/npm/caniuse-lite"
				},
				{
					"type": "github",
					"url": "https://github.com/sponsors/ai"
				}
			],
			"license": "CC-BY-4.0"
		},
		"node_modules/chrome-trace-event": {
			"version": "1.0.4",
			"license": "MIT",
			"engines": {
				"node": ">=6.0"
			}
		},
		"node_modules/commander": {
			"version": "2.20.3",
			"license": "MIT"
		},
		"node_modules/core-util-is": {
			"version": "1.0.3",
			"license": "MIT"
		},
		"node_modules/electron-to-chromium": {
			"version": "1.4.827",
			"license": "ISC"
		},
		"node_modules/enhanced-resolve": {
			"version": "5.17.0",
			"license": "MIT",
			"dependencies": {
				"graceful-fs": "^4.2.4",
				"tapable": "^2.2.0"
			},
			"engines": {
				"node": ">=10.13.0"
			}
		},
		"node_modules/es-module-lexer": {
			"version": "1.5.4",
			"license": "MIT"
		},
		"node_modules/escalade": {
			"version": "3.1.2",
			"license": "MIT",
			"engines": {
				"node": ">=6"
			}
		},
		"node_modules/eslint-scope": {
			"version": "5.1.1",
			"license": "BSD-2-Clause",
			"dependencies": {
				"esrecurse": "^4.3.0",
				"estraverse": "^4.1.1"
			},
			"engines": {
				"node": ">=8.0.0"
			}
		},
		"node_modules/esrecurse": {
			"version": "4.3.0",
			"license": "BSD-2-Clause",
			"dependencies": {
				"estraverse": "^5.2.0"
			},
			"engines": {
				"node": ">=4.0"
			}
		},
		"node_modules/esrecurse/node_modules/estraverse": {
			"version": "5.3.0",
			"license": "BSD-2-Clause",
			"engines": {
				"node": ">=4.0"
			}
		},
		"node_modules/estraverse": {
			"version": "4.3.0",
			"license": "BSD-2-Clause",
			"engines": {
				"node": ">=4.0"
			}
		},
		"node_modules/events": {
			"version": "3.3.0",
			"license": "MIT",
			"engines": {
				"node": ">=0.8.x"
			}
		},
		"node_modules/fast-deep-equal": {
			"version": "3.1.3",
			"license": "MIT"
		},
		"node_modules/fast-json-stable-stringify": {
			"version": "2.1.0",
			"license": "MIT"
		},
		"node_modules/glob-to-regexp": {
			"version": "0.4.1",
			"license": "BSD-2-Clause"
		},
		"node_modules/glsl-tokenizer": {
			"version": "2.1.5",
			"license": "MIT",
			"dependencies": {
				"through2": "^0.6.3"
			}
		},
		"node_modules/glsl-tokenizer/node_modules/isarray": {
			"version": "0.0.1",
			"license": "MIT"
		},
		"node_modules/glsl-tokenizer/node_modules/readable-stream": {
			"version": "1.0.34",
			"license": "MIT",
			"dependencies": {
				"core-util-is": "~1.0.0",
				"inherits": "~2.0.1",
				"isarray": "0.0.1",
				"string_decoder": "~0.10.x"
			}
		},
		"node_modules/glsl-tokenizer/node_modules/string_decoder": {
			"version": "0.10.31",
			"license": "MIT"
		},
		"node_modules/glsl-tokenizer/node_modules/through2": {
			"version": "0.6.5",
			"license": "MIT",
			"dependencies": {
				"readable-stream": ">=1.0.33-1 <1.1.0-0",
				"xtend": ">=4.0.0 <4.1.0-0"
			}
		},
		"node_modules/graceful-fs": {
			"version": "4.2.11",
			"license": "ISC"
		},
		"node_modules/has-flag": {
			"version": "4.0.0",
			"license": "MIT",
			"engines": {
				"node": ">=8"
			}
		},
		"node_modules/inherits": {
			"version": "2.0.4",
			"license": "ISC"
		},
		"node_modules/jest-worker": {
			"version": "27.5.1",
			"license": "MIT",
			"dependencies": {
				"@types/node": "*",
				"merge-stream": "^2.0.0",
				"supports-color": "^8.0.0"
			},
			"engines": {
				"node": ">= 10.13.0"
			}
		},
		"node_modules/jest-worker/node_modules/supports-color": {
			"version": "8.1.1",
			"license": "MIT",
			"dependencies": {
				"has-flag": "^4.0.0"
			},
			"engines": {
				"node": ">=10"
			},
			"funding": {
				"url": "https://github.com/chalk/supports-color?sponsor=1"
			}
		},
		"node_modules/json-schema-traverse": {
			"version": "0.4.1",
			"license": "MIT"
		},
		"node_modules/loader-runner": {
			"version": "4.3.0",
			"license": "MIT",
			"engines": {
				"node": ">=6.11.5"
			}
		},
		"node_modules/magic-string": {
			"version": "0.30.10",
			"resolved": "https://registry.npmjs.org/magic-string/-/magic-string-0.30.10.tgz",
			"integrity": "sha512-iIRwTIf0QKV3UAnYK4PU8uiEc4SRh5jX0mwpIwETPpHdhVM4f53RSwS/vXvN1JhGX+Cs7B8qIq3d6AH49O5fAQ==",
			"license": "MIT",
			"dependencies": {
				"@jridgewell/sourcemap-codec": "^1.4.15"
			}
		},
		"node_modules/merge-stream": {
			"version": "2.0.0",
			"license": "MIT"
		},
		"node_modules/mime-db": {
			"version": "1.52.0",
			"license": "MIT",
			"engines": {
				"node": ">= 0.6"
			}
		},
		"node_modules/mime-types": {
			"version": "2.1.35",
			"license": "MIT",
			"dependencies": {
				"mime-db": "1.52.0"
			},
			"engines": {
				"node": ">= 0.6"
			}
		},
		"node_modules/neo-async": {
			"version": "2.6.2",
			"license": "MIT"
		},
		"node_modules/node-releases": {
			"version": "2.0.14",
			"license": "MIT"
		},
		"node_modules/picocolors": {
			"version": "1.0.1",
			"license": "ISC"
		},
		"node_modules/punycode": {
			"version": "2.3.1",
			"license": "MIT",
			"engines": {
				"node": ">=6"
			}
		},
		"node_modules/randombytes": {
			"version": "2.1.0",
			"license": "MIT",
			"dependencies": {
				"safe-buffer": "^5.1.0"
			}
		},
		"node_modules/safe-buffer": {
			"version": "5.2.1",
			"funding": [
				{
					"type": "github",
					"url": "https://github.com/sponsors/feross"
				},
				{
					"type": "patreon",
					"url": "https://www.patreon.com/feross"
				},
				{
					"type": "consulting",
					"url": "https://feross.org/support"
				}
			],
			"license": "MIT"
		},
		"node_modules/schema-utils": {
			"version": "3.3.0",
			"license": "MIT",
			"dependencies": {
				"@types/json-schema": "^7.0.8",
				"ajv": "^6.12.5",
				"ajv-keywords": "^3.5.2"
			},
			"engines": {
				"node": ">= 10.13.0"
			},
			"funding": {
				"type": "opencollective",
				"url": "https://opencollective.com/webpack"
			}
		},
		"node_modules/serialize-javascript": {
			"version": "6.0.2",
			"license": "BSD-3-Clause",
			"dependencies": {
				"randombytes": "^2.1.0"
			}
		},
		"node_modules/source-map": {
			"version": "0.6.1",
			"license": "BSD-3-Clause",
			"engines": {
				"node": ">=0.10.0"
			}
		},
		"node_modules/source-map-support": {
			"version": "0.5.21",
			"license": "MIT",
			"dependencies": {
				"buffer-from": "^1.0.0",
				"source-map": "^0.6.0"
			}
		},
		"node_modules/tapable": {
			"version": "2.2.1",
			"license": "MIT",
			"engines": {
				"node": ">=6"
			}
		},
		"node_modules/terser": {
			"version": "5.31.2",
			"license": "BSD-2-Clause",
			"dependencies": {
				"@jridgewell/source-map": "^0.3.3",
				"acorn": "^8.8.2",
				"commander": "^2.20.0",
				"source-map-support": "~0.5.20"
			},
			"bin": {
				"terser": "bin/terser"
			},
			"engines": {
				"node": ">=10"
			}
		},
		"node_modules/terser-webpack-plugin": {
			"version": "5.3.10",
			"license": "MIT",
			"dependencies": {
				"@jridgewell/trace-mapping": "^0.3.20",
				"jest-worker": "^27.4.5",
				"schema-utils": "^3.1.1",
				"serialize-javascript": "^6.0.1",
				"terser": "^5.26.0"
			},
			"engines": {
				"node": ">= 10.13.0"
			},
			"funding": {
				"type": "opencollective",
				"url": "https://opencollective.com/webpack"
			},
			"peerDependencies": {
				"webpack": "^5.1.0"
			},
			"peerDependenciesMeta": {
				"@swc/core": {
					"optional": true
				},
				"esbuild": {
					"optional": true
				},
				"uglify-js": {
					"optional": true
				}
			}
		},
		"node_modules/undici-types": {
			"version": "5.26.5",
			"license": "MIT"
		},
		"node_modules/update-browserslist-db": {
			"version": "1.1.0",
			"funding": [
				{
					"type": "opencollective",
					"url": "https://opencollective.com/browserslist"
				},
				{
					"type": "tidelift",
					"url": "https://tidelift.com/funding/github/npm/browserslist"
				},
				{
					"type": "github",
					"url": "https://github.com/sponsors/ai"
				}
			],
			"license": "MIT",
			"dependencies": {
				"escalade": "^3.1.2",
				"picocolors": "^1.0.1"
			},
			"bin": {
				"update-browserslist-db": "cli.js"
			},
			"peerDependencies": {
				"browserslist": ">= 4.21.0"
			}
		},
		"node_modules/uri-js": {
			"version": "4.4.1",
			"license": "BSD-2-Clause",
			"dependencies": {
				"punycode": "^2.1.0"
			}
		},
		"node_modules/watchpack": {
			"version": "2.4.1",
			"license": "MIT",
			"dependencies": {
				"glob-to-regexp": "^0.4.1",
				"graceful-fs": "^4.1.2"
			},
			"engines": {
				"node": ">=10.13.0"
			}
		},
		"node_modules/webpack": {
			"version": "5.93.0",
			"license": "MIT",
			"dependencies": {
				"@types/eslint-scope": "^3.7.3",
				"@types/estree": "^1.0.5",
				"@webassemblyjs/ast": "^1.12.1",
				"@webassemblyjs/wasm-edit": "^1.12.1",
				"@webassemblyjs/wasm-parser": "^1.12.1",
				"acorn": "^8.7.1",
				"acorn-import-attributes": "^1.9.5",
				"browserslist": "^4.21.10",
				"chrome-trace-event": "^1.0.2",
				"enhanced-resolve": "^5.17.0",
				"es-module-lexer": "^1.2.1",
				"eslint-scope": "5.1.1",
				"events": "^3.2.0",
				"glob-to-regexp": "^0.4.1",
				"graceful-fs": "^4.2.11",
				"json-parse-even-better-errors": "^2.3.1",
				"loader-runner": "^4.2.0",
				"mime-types": "^2.1.27",
				"neo-async": "^2.6.2",
				"schema-utils": "^3.2.0",
				"tapable": "^2.1.1",
				"terser-webpack-plugin": "^5.3.10",
				"watchpack": "^2.4.1",
				"webpack-sources": "^3.2.3"
			},
			"bin": {
				"webpack": "bin/webpack.js"
			},
			"engines": {
				"node": ">=10.13.0"
			},
			"funding": {
				"type": "opencollective",
				"url": "https://opencollective.com/webpack"
			},
			"peerDependenciesMeta": {
				"webpack-cli": {
					"optional": true
				}
			}
		},
		"node_modules/webpack-sources": {
			"version": "3.2.3",
			"license": "MIT",
			"engines": {
				"node": ">=10.13.0"
			}
		},
		"node_modules/webpack/node_modules/json-parse-even-better-errors": {
			"version": "2.3.1",
			"license": "MIT"
		},
		"node_modules/xtend": {
			"version": "4.0.2",
			"license": "MIT",
			"engines": {
				"node": ">=0.4"
			}
		},
		"packages/common": {
			"name": "@yushijinhun/three-minifier-common",
			"version": "0.4.0",
			"license": "MIT",
			"dependencies": {
				"acorn": "^8.12.1",
				"acorn-walk": "^8.3.3",
				"glsl-tokenizer": "^2.1.5"
			}
		},
		"packages/rollup": {
			"name": "@yushijinhun/three-minifier-rollup",
			"version": "0.4.0",
			"license": "MIT",
			"dependencies": {
				"@yushijinhun/three-minifier-common": "^0.4.0",
				"magic-string": "^0.30.10"
			}
		},
		"packages/webpack": {
			"name": "@yushijinhun/three-minifier-webpack",
			"version": "0.4.0",
			"license": "MIT",
			"dependencies": {
				"@yushijinhun/three-minifier-common": "^0.4.0",
				"webpack": "^5.93.0"
			}
		}
	}
}
